
Microsoft Visual Studio Solution File, Format Version 12.00
# Visual Studio Version 16
VisualStudioVersion = 25.0.1705.4
MinimumVisualStudioVersion = 10.0.40219.1
Project("{FAE04EC0-301F-11D3-BF4B-00C04F79EFBC}") = "Presentation", "Presentation\Presentation.csproj", "{FDC594E4-A314-458F-8C0A-335E6BAFECF7}"
EndProject
Project("{FAE04EC0-301F-11D3-BF4B-00C04F79EFBC}") = "Persistence", "Persistence\Persistence.csproj", "{82732B2E-CBCB-4462-9137-28EF9E084C74}"
EndProject
Project("{FAE04EC0-301F-11D3-BF4B-00C04F79EFBC}") = "Domain", "Domain\Domain.csproj", "{BA1B9401-E667-4A84-BDAA-EAAA89959DFC}"
EndProject
Project("{FAE04EC0-301F-11D3-BF4B-00C04F79EFBC}") = "Application", "Application\Application.csproj", "{16828117-9939-45BC-9D69-9132F0189DF8}"
EndProject
Project("{FAE04EC0-301F-11D3-BF4B-00C04F79EFBC}") = "Common", "Common\Common.csproj", "{A6611B2B-7681-45BE-91A1-DEED64425179}"
EndProject
Project("{FAE04EC0-301F-11D3-BF4B-00C04F79EFBC}") = "Tests", "Tests\Tests.csproj", "{5219FC39-3179-44A2-BDB4-8552AB863C34}"
EndProject
Project("{FAE04EC0-301F-11D3-BF4B-00C04F79EFBC}") = "Infrastructure", "Infrastructure\Infrastructure.csproj", "{077C93AF-0290-418C-AAFF-28B9FF5AB111}"
EndProject
Global
	GlobalSection(SolutionConfigurationPlatforms) = preSolution
		Debug|Any CPU = Debug|Any CPU
		Release|Any CPU = Release|Any CPU
	EndGlobalSection
	GlobalSection(ProjectConfigurationPlatforms) = postSolution
		{FDC594E4-A314-458F-8C0A-335E6BAFECF7}.Debug|Any CPU.ActiveCfg = Debug|Any CPU
		{FDC594E4-A314-458F-8C0A-335E6BAFECF7}.Debug|Any CPU.Build.0 = Debug|Any CPU
		{FDC594E4-A314-458F-8C0A-335E6BAFECF7}.Release|Any CPU.ActiveCfg = Release|Any CPU
		{FDC594E4-A314-458F-8C0A-335E6BAFECF7}.Release|Any CPU.Build.0 = Release|Any CPU
		{82732B2E-CBCB-4462-9137-28EF9E084C74}.Debug|Any CPU.ActiveCfg = Debug|Any CPU
		{82732B2E-CBCB-4462-9137-28EF9E084C74}.Debug|Any CPU.Build.0 = Debug|Any CPU
		{82732B2E-CBCB-4462-9137-28EF9E084C74}.Release|Any CPU.ActiveCfg = Release|Any CPU
		{82732B2E-CBCB-4462-9137-28EF9E084C74}.Release|Any CPU.Build.0 = Release|Any CPU
		{BA1B9401-E667-4A84-BDAA-EAAA89959DFC}.Debug|Any CPU.ActiveCfg = Debug|Any CPU
		{BA1B9401-E667-4A84-BDAA-EAAA89959DFC}.Debug|Any CPU.Build.0 = Debug|Any CPU
		{BA1B9401-E667-4A84-BDAA-EAAA89959DFC}.Release|Any CPU.ActiveCfg = Release|Any CPU
		{BA1B9401-E667-4A84-BDAA-EAAA89959DFC}.Release|Any CPU.Build.0 = Release|Any CPU
		{16828117-9939-45BC-9D69-9132F0189DF8}.Debug|Any CPU.ActiveCfg = Debug|Any CPU
		{16828117-9939-45BC-9D69-9132F0189DF8}.Debug|Any CPU.Build.0 = Debug|Any CPU
		{16828117-9939-45BC-9D69-9132F0189DF8}.Release|Any CPU.ActiveCfg = Release|Any CPU
		{16828117-9939-45BC-9D69-9132F0189DF8}.Release|Any CPU.Build.0 = Release|Any CPU
		{A6611B2B-7681-45BE-91A1-DEED64425179}.Debug|Any CPU.ActiveCfg = Debug|Any CPU
		{A6611B2B-7681-45BE-91A1-DEED64425179}.Debug|Any CPU.Build.0 = Debug|Any CPU
		{A6611B2B-7681-45BE-91A1-DEED64425179}.Release|Any CPU.ActiveCfg = Release|Any CPU
		{A6611B2B-7681-45BE-91A1-DEED64425179}.Release|Any CPU.Build.0 = Release|Any CPU
		{5219FC39-3179-44A2-BDB4-8552AB863C34}.Debug|Any CPU.ActiveCfg = Debug|Any CPU
		{5219FC39-3179-44A2-BDB4-8552AB863C34}.Debug|Any CPU.Build.0 = Debug|Any CPU
		{5219FC39-3179-44A2-BDB4-8552AB863C34}.Release|Any CPU.ActiveCfg = Release|Any CPU
		{5219FC39-3179-44A2-BDB4-8552AB863C34}.Release|Any CPU.Build.0 = Release|Any CPU
		{077C93AF-0290-418C-AAFF-28B9FF5AB111}.Debug|Any CPU.ActiveCfg = Debug|Any CPU
		{077C93AF-0290-418C-AAFF-28B9FF5AB111}.Debug|Any CPU.Build.0 = Debug|Any CPU
		{077C93AF-0290-418C-AAFF-28B9FF5AB111}.Release|Any CPU.ActiveCfg = Release|Any CPU
		{077C93AF-0290-418C-AAFF-28B9FF5AB111}.Release|Any CPU.Build.0 = Release|Any CPU
	EndGlobalSection
	GlobalSection(SolutionProperties) = preSolution
		HideSolutionNode = FALSE
	EndGlobalSection
	GlobalSection(ExtensibilityGlobals) = postSolution
		SolutionGuid = {A334816D-0E24-4432-B1E4-81B537B226AF}
	EndGlobalSection
EndGlobal
